PODS:
  - flutter_js (0.0.1):
    - FlutterMacOS
  - FlutterMacOS (1.0.0)
  - screen_retriever_macos (0.0.1):
    - FlutterMacOS
  - tray_manager (0.0.1):
    - FlutterMacOS

DEPENDENCIES:
  - flutter_js (from `Flutter/ephemeral/.symlinks/plugins/flutter_js/macos`)
  - FlutterMacOS (from `Flutter/ephemeral`)
  - screen_retriever_macos (from `Flutter/ephemeral/.symlinks/plugins/screen_retriever_macos/macos`)
  - tray_manager (from `Flutter/ephemeral/.symlinks/plugins/tray_manager/macos`)

EXTERNAL SOURCES:
  flutter_js:
    :path: Flutter/ephemeral/.symlinks/plugins/flutter_js/macos
  FlutterMacOS:
    :path: Flutter/ephemeral
  screen_retriever_macos:
    :path: Flutter/ephemeral/.symlinks/plugins/screen_retriever_macos/macos
  tray_manager:
    :path: Flutter/ephemeral/.symlinks/plugins/tray_manager/macos

SPEC CHECKSUMS:
  flutter_js: 79c3c70d33ba464c67d8eb88639a61aa718cd8b8
  FlutterMacOS: d0db08ddef1a9af05a5ec4b724367152bb0500b1
  screen_retriever_macos: 452e51764a9e1cdb74b3c541238795849f21557f
  tray_manager: a104b5c81b578d83f3c3d0f40a997c8b10810166

PODFILE CHECKSUM: ed50e9efc5291228c7512a02757bf607a067b2b1

COCOAPODS: 1.16.2
